{
  "originHash" : "75afb47dc9e34b6e524353b390245062936114c6c1ac531c2dfee1b7e8f7627c",
  "pins" : [
    {
      "identity" : "ottu-ios",
      "kind" : "remoteSourceControl",
      "location" : "https://github.com/ottuco/ottu-ios.git",
      "state" : {
        "revision" : "c7d84f3a887540454dddb0935dde0062aee69e42",
        "version" : "2.1.2"
      }
    },
    {
      "identity" : "sentry-cocoa",
      "kind" : "remoteSourceControl",
      "location" : "https://github.com/getsentry/sentry-cocoa",
      "state" : {
        "revision" : "930b78a63f47549c81e6e63c9172584f7d3dfdd6",
        "version" : "8.52.1"
      }
    }
  ],
  "version" : 3
}
