{
  "originHash" : "75afb47dc9e34b6e524353b390245062936114c6c1ac531c2dfee1b7e8f7627c",
  "pins" : [
    {
      "identity" : "ottu-ios",
      "kind" : "remoteSourceControl",
      "location" : "https://github.com/ottuco/ottu-ios.git",
      "state" : {
        "revision" : "a683952145cd6c7499ae0275ba05f8d52199c21c",
        "version" : "2.1.5"
      }
    },
    {
      "identity" : "sentry-cocoa",
      "kind" : "remoteSourceControl",
      "location" : "https://github.com/getsentry/sentry-cocoa",
      "state" : {
        "revision" : "930b78a63f47549c81e6e63c9172584f7d3dfdd6",
        "version" : "8.52.1"
      }
    }
  ],
  "version" : 3
}
